Microsoft Visual Studio Solution File, Format Version 12.00
# Visual Studio Version 17
VisualStudioVersion = 17.5.2.0
MinimumVisualStudioVersion = 10.0.40219.1
Project("{FAE04EC0-301F-11D3-BF4B-00C04F79EFBC}") = "TupacAlumnos", "TupacAlumnos.csproj", "{B4831059-4DBA-5384-03EA-B87EFBD85BAF}"
EndProject
Global
	GlobalSection(SolutionConfigurationPlatforms) = preSolution
		Debug|Any CPU = Debug|Any CPU
		Release|Any CPU = Release|Any CPU
	EndGlobalSection
	GlobalSection(ProjectConfigurationPlatforms) = postSolution
		{B4831059-4DBA-5384-03EA-B87EFBD85BAF}.Debug|Any CPU.ActiveCfg = Debug|Any CPU
		{B4831059-4DBA-5384-03EA-B87EFBD85BAF}.Debug|Any CPU.Build.0 = Debug|Any CPU
		{B4831059-4DBA-5384-03EA-B87EFBD85BAF}.Release|Any CPU.ActiveCfg = Release|Any CPU
		{B4831059-4DBA-5384-03EA-B87EFBD85BAF}.Release|Any CPU.Build.0 = Release|Any CPU
	EndGlobalSection
	GlobalSection(SolutionProperties) = preSolution
		HideSolutionNode = FALSE
	EndGlobalSection
	GlobalSection(ExtensibilityGlobals) = postSolution
		SolutionGuid = {91D00A0C-3D1D-4EE1-B36B-9BFAFB5BD783}
	EndGlobalSection
EndGlobal
